{
  "object": {
    "pins": [
      {
        "package": "AssessmentModel",
        "repositoryURL": "https://github.com/BiAffectBridge/AssessmentModel-Swift.git",
        "state": {
          "branch": null,
          "revision": "8f085a7fe1b53d8feeea54accf1ceb3b43f1ba84",
          "version": "1.2.0"
        }
      },
      {
        "package": "JsonModel",
        "repositoryURL": "https://github.com/BiAffectBridge/JsonModel-Swift.git",
        "state": {
          "branch": null,
          "revision": "6906a744d80481128bd88471890ec38eeda1bd76",
          "version": "2.5.0"
        }
      },
      {
        "package": "MobilePassiveData",
        "repositoryURL": "https://github.com/BiAffectBridge/MobilePassiveData-SDK.git",
        "state": {
          "branch": null,
          "revision": "a766738b422ae2f0a894b63bf823f252b3c1545e",
          "version": "1.6.0"
        }
      },
      {
        "package": "SQLite.swift",
        "repositoryURL": "https://github.com/stephencelis/SQLite.swift",
        "state": {
          "branch": null,
          "revision": "a95fc6df17d108bd99210db5e8a9bac90fe984b8",
          "version": "0.15.3"
        }
      }
    ]
  },
  "version": 1
}
